
Microsoft Visual Studio Solution File, Format Version 12.00
# Visual Studio Version 17
VisualStudioVersion = 17.7.34221.43
MinimumVisualStudioVersion = 10.0.40219.1
Project("{FAE04EC0-301F-11D3-BF4B-00C04F79EFBC}") = "BlazorApp", "BlazorApp\BlazorApp.csproj", "{C95A4AF2-59E7-4481-B06C-2F9FF2E24044}"
EndProject
Global
	GlobalSection(SolutionConfigurationPlatforms) = preSolution
		Debug|Any CPU = Debug|Any CPU
		Release|Any CPU = Release|Any CPU
	EndGlobalSection
	GlobalSection(ProjectConfigurationPlatforms) = postSolution
		{C95A4AF2-59E7-4481-B06C-2F9FF2E24044}.Debug|Any CPU.ActiveCfg = Debug|Any CPU
		{C95A4AF2-59E7-4481-B06C-2F9FF2E24044}.Debug|Any CPU.Build.0 = Debug|Any CPU
		{C95A4AF2-59E7-4481-B06C-2F9FF2E24044}.Release|Any CPU.ActiveCfg = Release|Any CPU
		{C95A4AF2-59E7-4481-B06C-2F9FF2E24044}.Release|Any CPU.Build.0 = Release|Any CPU
	EndGlobalSection
	GlobalSection(SolutionProperties) = preSolution
		HideSolutionNode = FALSE
	EndGlobalSection
	GlobalSection(ExtensibilityGlobals) = postSolution
		SolutionGuid = {5E5BA838-F4D9-4EF0-837A-60F4E4A6E1D7}
	EndGlobalSection
EndGlobal
